
Microsoft Visual Studio Solution File, Format Version 12.00
# Visual Studio Version 17
VisualStudioVersion = 17.11.35312.102
MinimumVisualStudioVersion = 10.0.40219.1
Project("{FAE04EC0-301F-11D3-BF4B-00C04F79EFBC}") = "assignmnet 3", "assignmnet 3\assignmnet 3.csproj", "{07A8AB4C-BCBD-4D15-A91C-6CD2AAC7BF0E}"
EndProject
Global
	GlobalSection(SolutionConfigurationPlatforms) = preSolution
		Debug|Any CPU = Debug|Any CPU
		Release|Any CPU = Release|Any CPU
	EndGlobalSection
	GlobalSection(ProjectConfigurationPlatforms) = postSolution
		{07A8AB4C-BCBD-4D15-A91C-6CD2AAC7BF0E}.Debug|Any CPU.ActiveCfg = Debug|Any CPU
		{07A8AB4C-BCBD-4D15-A91C-6CD2AAC7BF0E}.Debug|Any CPU.Build.0 = Debug|Any CPU
		{07A8AB4C-BCBD-4D15-A91C-6CD2AAC7BF0E}.Release|Any CPU.ActiveCfg = Release|Any CPU
		{07A8AB4C-BCBD-4D15-A91C-6CD2AAC7BF0E}.Release|Any CPU.Build.0 = Release|Any CPU
	EndGlobalSection
	GlobalSection(SolutionProperties) = preSolution
		HideSolutionNode = FALSE
	EndGlobalSection
	GlobalSection(ExtensibilityGlobals) = postSolution
		SolutionGuid = {E704CECC-D4CD-457F-855A-224D18C23981}
	EndGlobalSection
EndGlobal
